PODS:
  - Realm (10.28.2):
    - Realm/Headers (= 10.28.2)
  - Realm/Headers (10.28.2)
  - RealmSwift (10.28.2):
    - Realm (= 10.28.2)

DEPENDENCIES:
  - RealmSwift

SPEC REPOS:
  trunk:
    - Realm
    - RealmSwift

SPEC CHECKSUMS:
  Realm: e617c54ad0f566b3d0f6a2abae7010de05f252ac
  RealmSwift: 8a516a8759d80d52ebcec1ff1076f5f5159f98b2

PODFILE CHECKSUM: 59477d87fe44e855870611eccbc06842a730a72a

COCOAPODS: 1.10.0
