// !$*UTF8*$!
{
	archiveVersion = 1;
	classes = {
	};
	objectVersion = 55;
	objects = {

/* Begin PBXBuildFile section */
		405C3603B3F1762CB22E72A4 /* Pods_UnsplashImageApp.framework in Frameworks */ = {isa = PBXBuildFile; fileRef = F48DF8C3BAD3897C66DE5210 /* Pods_UnsplashImageApp.framework */; };
		B109EEA2286B80FB005899FA /* FavouriteViewController.swift in Sources */ = {isa = PBXBuildFile; fileRef = B109EEA1286B80FB005899FA /* FavouriteViewController.swift */; };
		B109EEA6286B875F005899FA /* NetworkService.swift in Sources */ = {isa = PBXBuildFile; fileRef = B109EEA5286B875F005899FA /* NetworkService.swift */; };
		B109EEA8286B8F7C005899FA /* NetworkDataFetcher.swift in Sources */ = {isa = PBXBuildFile; fileRef = B109EEA7286B8F7C005899FA /* NetworkDataFetcher.swift */; };
		B10A2A2B2861861E00C563DC /* AppDelegate.swift in Sources */ = {isa = PBXBuildFile; fileRef = B10A2A2A2861861E00C563DC /* AppDelegate.swift */; };
		B10A2A2D2861861E00C563DC /* SceneDelegate.swift in Sources */ = {isa = PBXBuildFile; fileRef = B10A2A2C2861861E00C563DC /* SceneDelegate.swift */; };
		B10A2A2F2861861E00C563DC /* ViewController.swift in Sources */ = {isa = PBXBuildFile; fileRef = B10A2A2E2861861E00C563DC /* ViewController.swift */; };
		B10A2A322861861E00C563DC /* Main.storyboard in Resources */ = {isa = PBXBuildFile; fileRef = B10A2A302861861E00C563DC /* Main.storyboard */; };
		B10A2A342861861F00C563DC /* Assets.xcassets in Resources */ = {isa = PBXBuildFile; fileRef = B10A2A332861861F00C563DC /* Assets.xcassets */; };
		B10A2A372861861F00C563DC /* LaunchScreen.storyboard in Resources */ = {isa = PBXBuildFile; fileRef = B10A2A352861861F00C563DC /* LaunchScreen.storyboard */; };
		B113F55128775FF900338A4B /* UIViewController+Extension.swift in Sources */ = {isa = PBXBuildFile; fileRef = B113F55028775FF900338A4B /* UIViewController+Extension.swift */; };
		B13398C7287DFD1A008741EB /* String+Extension.swift in Sources */ = {isa = PBXBuildFile; fileRef = B13398C6287DFD1A008741EB /* String+Extension.swift */; };
		B13398D1287E1AA0008741EB /* Localizable.strings in Resources */ = {isa = PBXBuildFile; fileRef = B13398D3287E1AA0008741EB /* Localizable.strings */; };
		B13398D5287E4CC6008741EB /* OnBoardingViewController.storyboard in Resources */ = {isa = PBXBuildFile; fileRef = B13398D7287E4CC6008741EB /* OnBoardingViewController.storyboard */; };
		B13398D8287E4CD5008741EB /* MainTabBarController.storyboard in Resources */ = {isa = PBXBuildFile; fileRef = B13398DA287E4CD5008741EB /* MainTabBarController.storyboard */; };
		B1468CB328680C30009EF815 /* MainTabBarController.swift in Sources */ = {isa = PBXBuildFile; fileRef = B1468CB228680C30009EF815 /* MainTabBarController.swift */; };
		B1468CB928680DD8009EF815 /* PhotosViewController.swift in Sources */ = {isa = PBXBuildFile; fileRef = B1468CB828680DD8009EF815 /* PhotosViewController.swift */; };
		B14A5A7B286A173200887AD7 /* Response.swift in Sources */ = {isa = PBXBuildFile; fileRef = B14A5A7A286A173200887AD7 /* Response.swift */; };
		B14A5A7D286A178F00887AD7 /* Result.swift in Sources */ = {isa = PBXBuildFile; fileRef = B14A5A7C286A178F00887AD7 /* Result.swift */; };
		B14A5A80286A183200887AD7 /* URLS.swift in Sources */ = {isa = PBXBuildFile; fileRef = B14A5A7F286A183200887AD7 /* URLS.swift */; };
		B14A5A84286A365000887AD7 /* ItemCollectionViewCell.swift in Sources */ = {isa = PBXBuildFile; fileRef = B14A5A83286A365000887AD7 /* ItemCollectionViewCell.swift */; };
		B1667D2D2875282F006C3597 /* ImageFavourite.swift in Sources */ = {isa = PBXBuildFile; fileRef = B1667D2C2875282F006C3597 /* ImageFavourite.swift */; };
		B1A8D8CA28664DE9004E3E5A /* OnBoardingViewController.swift in Sources */ = {isa = PBXBuildFile; fileRef = B1A8D8C928664DE9004E3E5A /* OnBoardingViewController.swift */; };
		B1A8D8CF286654C4004E3E5A /* UIView+Extension.swift in Sources */ = {isa = PBXBuildFile; fileRef = B1A8D8CE286654C4004E3E5A /* UIView+Extension.swift */; };
		B1A8D8D1286659E2004E3E5A /* OnBoardingPage.swift in Sources */ = {isa = PBXBuildFile; fileRef = B1A8D8D0286659E2004E3E5A /* OnBoardingPage.swift */; };
		B1A8D8D328666041004E3E5A /* OnBoardingCollectionViewCell.swift in Sources */ = {isa = PBXBuildFile; fileRef = B1A8D8D228666041004E3E5A /* OnBoardingCollectionViewCell.swift */; };
		B1F3BA12287395A4009AC1F1 /* FavouriteItemCollectionViewCell.swift in Sources */ = {isa = PBXBuildFile; fileRef = B1F3BA11287395A4009AC1F1 /* FavouriteItemCollectionViewCell.swift */; };
/* End PBXBuildFile section */

/* Begin PBXFileReference section */
		74F4870E1FBE98A1DAE01660 /* Pods-UnsplashImageApp.release.xcconfig */ = {isa = PBXFileReference; includeInIndex = 1; lastKnownFileType = text.xcconfig; name = "Pods-UnsplashImageApp.release.xcconfig"; path = "Target Support Files/Pods-UnsplashImageApp/Pods-UnsplashImageApp.release.xcconfig"; sourceTree = "<group>"; };
		B109EEA1286B80FB005899FA /* FavouriteViewController.swift */ = {isa = PBXFileReference; lastKnownFileType = sourcecode.swift; path = FavouriteViewController.swift; sourceTree = "<group>"; };
		B109EEA5286B875F005899FA /* NetworkService.swift */ = {isa = PBXFileReference; lastKnownFileType = sourcecode.swift; path = NetworkService.swift; sourceTree = "<group>"; };
		B109EEA7286B8F7C005899FA /* NetworkDataFetcher.swift */ = {isa = PBXFileReference; lastKnownFileType = sourcecode.swift; path = NetworkDataFetcher.swift; sourceTree = "<group>"; };
		B10A2A272861861E00C563DC /* UnsplashImageApp.app */ = {isa = PBXFileReference; explicitFileType = wrapper.application; includeInIndex = 0; path = UnsplashImageApp.app; sourceTree = BUILT_PRODUCTS_DIR; };
		B10A2A2A2861861E00C563DC /* AppDelegate.swift */ = {isa = PBXFileReference; lastKnownFileType = sourcecode.swift; path = AppDelegate.swift; sourceTree = "<group>"; };
		B10A2A2C2861861E00C563DC /* SceneDelegate.swift */ = {isa = PBXFileReference; lastKnownFileType = sourcecode.swift; path = SceneDelegate.swift; sourceTree = "<group>"; };
		B10A2A2E2861861E00C563DC /* ViewController.swift */ = {isa = PBXFileReference; lastKnownFileType = sourcecode.swift; path = ViewController.swift; sourceTree = "<group>"; };
		B10A2A312861861E00C563DC /* Base */ = {isa = PBXFileReference; lastKnownFileType = file.storyboard; name = Base; path = Base.lproj/Main.storyboard; sourceTree = "<group>"; };
		B10A2A332861861F00C563DC /* Assets.xcassets */ = {isa = PBXFileReference; lastKnownFileType = folder.assetcatalog; path = Assets.xcassets; sourceTree = "<group>"; };
		B10A2A362861861F00C563DC /* Base */ = {isa = PBXFileReference; lastKnownFileType = file.storyboard; name = Base; path = Base.lproj/LaunchScreen.storyboard; sourceTree = "<group>"; };
		B10A2A382861861F00C563DC /* Info.plist */ = {isa = PBXFileReference; lastKnownFileType = text.plist.xml; path = Info.plist; sourceTree = "<group>"; };
		B113F55028775FF900338A4B /* UIViewController+Extension.swift */ = {isa = PBXFileReference; lastKnownFileType = sourcecode.swift; path = "UIViewController+Extension.swift"; sourceTree = "<group>"; };
		B13398C6287DFD1A008741EB /* String+Extension.swift */ = {isa = PBXFileReference; lastKnownFileType = sourcecode.swift; path = "String+Extension.swift"; sourceTree = "<group>"; };
		B13398D2287E1AA0008741EB /* en */ = {isa = PBXFileReference; lastKnownFileType = text.plist.strings; name = en; path = en.lproj/Localizable.strings; sourceTree = "<group>"; };
		B13398D6287E4CC6008741EB /* Base */ = {isa = PBXFileReference; lastKnownFileType = file.storyboard; name = Base; path = Base.lproj/OnBoardingViewController.storyboard; sourceTree = "<group>"; };
		B13398D9287E4CD5008741EB /* Base */ = {isa = PBXFileReference; lastKnownFileType = file.storyboard; name = Base; path = Base.lproj/MainTabBarController.storyboard; sourceTree = "<group>"; };
		B13398DC287E4CEA008741EB /* en */ = {isa = PBXFileReference; lastKnownFileType = text.plist.strings; name = en; path = en.lproj/OnBoardingViewController.strings; sourceTree = "<group>"; };
		B13398DD287E4D0D008741EB /* es */ = {isa = PBXFileReference; lastKnownFileType = text.plist.strings; name = es; path = es.lproj/Main.strings; sourceTree = "<group>"; };
		B13398DE287E60E7008741EB /* es */ = {isa = PBXFileReference; lastKnownFileType = text.plist.strings; name = es; path = es.lproj/MainTabBarController.strings; sourceTree = "<group>"; };
		B13398DF287E60E7008741EB /* es */ = {isa = PBXFileReference; lastKnownFileType = text.plist.strings; name = es; path = es.lproj/OnBoardingViewController.strings; sourceTree = "<group>"; };
		B13398E0287E7574008741EB /* es */ = {isa = PBXFileReference; lastKnownFileType = text.plist.strings; name = es; path = es.lproj/Localizable.strings; sourceTree = "<group>"; };
		B1468CB228680C30009EF815 /* MainTabBarController.swift */ = {isa = PBXFileReference; lastKnownFileType = sourcecode.swift; path = MainTabBarController.swift; sourceTree = "<group>"; };
		B1468CB828680DD8009EF815 /* PhotosViewController.swift */ = {isa = PBXFileReference; lastKnownFileType = sourcecode.swift; path = PhotosViewController.swift; sourceTree = "<group>"; };
		B14A5A7A286A173200887AD7 /* Response.swift */ = {isa = PBXFileReference; lastKnownFileType = sourcecode.swift; path = Response.swift; sourceTree = "<group>"; };
		B14A5A7C286A178F00887AD7 /* Result.swift */ = {isa = PBXFileReference; lastKnownFileType = sourcecode.swift; path = Result.swift; sourceTree = "<group>"; };
		B14A5A7F286A183200887AD7 /* URLS.swift */ = {isa = PBXFileReference; lastKnownFileType = sourcecode.swift; path = URLS.swift; sourceTree = "<group>"; };
		B14A5A83286A365000887AD7 /* ItemCollectionViewCell.swift */ = {isa = PBXFileReference; lastKnownFileType = sourcecode.swift; path = ItemCollectionViewCell.swift; sourceTree = "<group>"; };
		B1667D2C2875282F006C3597 /* ImageFavourite.swift */ = {isa = PBXFileReference; lastKnownFileType = sourcecode.swift; path = ImageFavourite.swift; sourceTree = "<group>"; };
		B1A8D8C928664DE9004E3E5A /* OnBoardingViewController.swift */ = {isa = PBXFileReference; lastKnownFileType = sourcecode.swift; path = OnBoardingViewController.swift; sourceTree = "<group>"; };
		B1A8D8CE286654C4004E3E5A /* UIView+Extension.swift */ = {isa = PBXFileReference; lastKnownFileType = sourcecode.swift; path = "UIView+Extension.swift"; sourceTree = "<group>"; };
		B1A8D8D0286659E2004E3E5A /* OnBoardingPage.swift */ = {isa = PBXFileReference; lastKnownFileType = sourcecode.swift; path = OnBoardingPage.swift; sourceTree = "<group>"; };
		B1A8D8D228666041004E3E5A /* OnBoardingCollectionViewCell.swift */ = {isa = PBXFileReference; lastKnownFileType = sourcecode.swift; path = OnBoardingCollectionViewCell.swift; sourceTree = "<group>"; };
		B1F3BA11287395A4009AC1F1 /* FavouriteItemCollectionViewCell.swift */ = {isa = PBXFileReference; lastKnownFileType = sourcecode.swift; path = FavouriteItemCollectionViewCell.swift; sourceTree = "<group>"; };
		B6E3ABA2086EF69180319532 /* Pods-UnsplashImageApp.debug.xcconfig */ = {isa = PBXFileReference; includeInIndex = 1; lastKnownFileType = text.xcconfig; name = "Pods-UnsplashImageApp.debug.xcconfig"; path = "Target Support Files/Pods-UnsplashImageApp/Pods-UnsplashImageApp.debug.xcconfig"; sourceTree = "<group>"; };
		F48DF8C3BAD3897C66DE5210 /* Pods_UnsplashImageApp.framework */ = {isa = PBXFileReference; explicitFileType = wrapper.framework; includeInIndex = 0; path = Pods_UnsplashImageApp.framework; sourceTree = BUILT_PRODUCTS_DIR; };
/* End PBXFileReference section */

/* Begin PBXFrameworksBuildPhase section */
		B10A2A242861861E00C563DC /* Frameworks */ = {
			isa = PBXFrameworksBuildPhase;
			buildActionMask = 2147483647;
			files = (
				405C3603B3F1762CB22E72A4 /* Pods_UnsplashImageApp.framework in Frameworks */,
			);
			runOnlyForDeploymentPostprocessing = 0;
		};
/* End PBXFrameworksBuildPhase section */

/* Begin PBXGroup section */
		78767CF55AE993A0C07AC031 /* Frameworks */ = {
			isa = PBXGroup;
			children = (
				F48DF8C3BAD3897C66DE5210 /* Pods_UnsplashImageApp.framework */,
			);
			name = Frameworks;
			sourceTree = "<group>";
		};
		B109EEA0286B803F005899FA /* favourite */ = {
			isa = PBXGroup;
			children = (
				B109EEA1286B80FB005899FA /* FavouriteViewController.swift */,
			);
			path = favourite;
			sourceTree = "<group>";
		};
		B109EEA3286B873E005899FA /* network */ = {
			isa = PBXGroup;
			children = (
				B14A5A7A286A173200887AD7 /* Response.swift */,
				B109EEA5286B875F005899FA /* NetworkService.swift */,
				B109EEA7286B8F7C005899FA /* NetworkDataFetcher.swift */,
			);
			path = network;
			sourceTree = "<group>";
		};
		B10A2A1E2861861E00C563DC = {
			isa = PBXGroup;
			children = (
				B10A2A292861861E00C563DC /* UnsplashImageApp */,
				B10A2A282861861E00C563DC /* Products */,
				FB1661981ED5E1F1F26585FF /* Pods */,
				78767CF55AE993A0C07AC031 /* Frameworks */,
			);
			sourceTree = "<group>";
		};
		B10A2A282861861E00C563DC /* Products */ = {
			isa = PBXGroup;
			children = (
				B10A2A272861861E00C563DC /* UnsplashImageApp.app */,
			);
			name = Products;
			sourceTree = "<group>";
		};
		B10A2A292861861E00C563DC /* UnsplashImageApp */ = {
			isa = PBXGroup;
			children = (
				B13398C8287E1943008741EB /* util */,
				B1A8D8CD28665492004E3E5A /* extensions */,
				B1827D172864E8C200F64B9A /* custom_views */,
				B1827D162864E8A800F64B9A /* views */,
				B1827D132864E86B00F64B9A /* domain */,
				B1827D122864E85D00F64B9A /* data */,
				B10A2A2A2861861E00C563DC /* AppDelegate.swift */,
				B10A2A2C2861861E00C563DC /* SceneDelegate.swift */,
				B10A2A332861861F00C563DC /* Assets.xcassets */,
				B10A2A352861861F00C563DC /* LaunchScreen.storyboard */,
				B10A2A382861861F00C563DC /* Info.plist */,
			);
			path = UnsplashImageApp;
			sourceTree = "<group>";
		};
		B13398C8287E1943008741EB /* util */ = {
			isa = PBXGroup;
			children = (
				B13398D3287E1AA0008741EB /* Localizable.strings */,
			);
			path = util;
			sourceTree = "<group>";
		};
		B1468CB128680BB9009EF815 /* main */ = {
			isa = PBXGroup;
			children = (
				B13398DA287E4CD5008741EB /* MainTabBarController.storyboard */,
				B109EEA0286B803F005899FA /* favourite */,
				B14A5A82286A363200887AD7 /* components */,
				B1468CB728680DC3009EF815 /* photos */,
				B1468CB228680C30009EF815 /* MainTabBarController.swift */,
			);
			path = main;
			sourceTree = "<group>";
		};
		B1468CB728680DC3009EF815 /* photos */ = {
			isa = PBXGroup;
			children = (
				B1468CB828680DD8009EF815 /* PhotosViewController.swift */,
			);
			path = photos;
			sourceTree = "<group>";
		};
		B14A5A82286A363200887AD7 /* components */ = {
			isa = PBXGroup;
			children = (
				B14A5A83286A365000887AD7 /* ItemCollectionViewCell.swift */,
				B1F3BA11287395A4009AC1F1 /* FavouriteItemCollectionViewCell.swift */,
			);
			path = components;
			sourceTree = "<group>";
		};
		B14D2693286E753000BE5EDF /* local */ = {
			isa = PBXGroup;
			children = (
			);
			path = local;
			sourceTree = "<group>";
		};
		B15063F32874EE4D00AFA805 /* splash */ = {
			isa = PBXGroup;
			children = (
				B10A2A302861861E00C563DC /* Main.storyboard */,
				B10A2A2E2861861E00C563DC /* ViewController.swift */,
			);
			path = splash;
			sourceTree = "<group>";
		};
		B1827D122864E85D00F64B9A /* data */ = {
			isa = PBXGroup;
			children = (
				B14D2693286E753000BE5EDF /* local */,
				B109EEA3286B873E005899FA /* network */,
			);
			path = data;
			sourceTree = "<group>";
		};
		B1827D132864E86B00F64B9A /* domain */ = {
			isa = PBXGroup;
			children = (
				B1827D152864E88D00F64B9A /* model */,
			);
			path = domain;
			sourceTree = "<group>";
		};
		B1827D152864E88D00F64B9A /* model */ = {
			isa = PBXGroup;
			children = (
				B1A8D8D0286659E2004E3E5A /* OnBoardingPage.swift */,
				B14A5A7C286A178F00887AD7 /* Result.swift */,
				B14A5A7F286A183200887AD7 /* URLS.swift */,
				B1667D2C2875282F006C3597 /* ImageFavourite.swift */,
			);
			path = model;
			sourceTree = "<group>";
		};
		B1827D162864E8A800F64B9A /* views */ = {
			isa = PBXGroup;
			children = (
				B15063F32874EE4D00AFA805 /* splash */,
				B1468CB128680BB9009EF815 /* main */,
				B1A8D8C828664DA8004E3E5A /* onboarding */,
			);
			path = views;
			sourceTree = "<group>";
		};
		B1827D172864E8C200F64B9A /* custom_views */ = {
			isa = PBXGroup;
			children = (
			);
			path = custom_views;
			sourceTree = "<group>";
		};
		B1A8D8C828664DA8004E3E5A /* onboarding */ = {
			isa = PBXGroup;
			children = (
				B13398D7287E4CC6008741EB /* OnBoardingViewController.storyboard */,
				B1A8D8C928664DE9004E3E5A /* OnBoardingViewController.swift */,
				B1A8D8D228666041004E3E5A /* OnBoardingCollectionViewCell.swift */,
			);
			path = onboarding;
			sourceTree = "<group>";
		};
		B1A8D8CD28665492004E3E5A /* extensions */ = {
			isa = PBXGroup;
			children = (
				B1A8D8CE286654C4004E3E5A /* UIView+Extension.swift */,
				B113F55028775FF900338A4B /* UIViewController+Extension.swift */,
				B13398C6287DFD1A008741EB /* String+Extension.swift */,
			);
			path = extensions;
			sourceTree = "<group>";
		};
		FB1661981ED5E1F1F26585FF /* Pods */ = {
			isa = PBXGroup;
			children = (
				B6E3ABA2086EF69180319532 /* Pods-UnsplashImageApp.debug.xcconfig */,
				74F4870E1FBE98A1DAE01660 /* Pods-UnsplashImageApp.release.xcconfig */,
			);
			path = Pods;
			sourceTree = "<group>";
		};
/* End PBXGroup section */

/* Begin PBXNativeTarget section */
		B10A2A262861861E00C563DC /* UnsplashImageApp */ = {
			isa = PBXNativeTarget;
			buildConfigurationList = B10A2A3B2861861F00C563DC /* Build configuration list for PBXNativeTarget "UnsplashImageApp" */;
			buildPhases = (
				279B0B6F34E8CD4373E1D571 /* [CP] Check Pods Manifest.lock */,
				B10A2A232861861E00C563DC /* Sources */,
				B10A2A242861861E00C563DC /* Frameworks */,
				B10A2A252861861E00C563DC /* Resources */,
				9E1E96795E47CCD7AADA78A6 /* [CP] Embed Pods Frameworks */,
			);
			buildRules = (
			);
			dependencies = (
			);
			name = UnsplashImageApp;
			productName = UnsplashImageApp;
			productReference = B10A2A272861861E00C563DC /* UnsplashImageApp.app */;
			productType = "com.apple.product-type.application";
		};
/* End PBXNativeTarget section */

/* Begin PBXProject section */
		B10A2A1F2861861E00C563DC /* Project object */ = {
			isa = PBXProject;
			attributes = {
				BuildIndependentTargetsInParallel = 1;
				LastSwiftUpdateCheck = 1340;
				LastUpgradeCheck = 1340;
				TargetAttributes = {
					B10A2A262861861E00C563DC = {
						CreatedOnToolsVersion = 13.4.1;
					};
				};
			};
			buildConfigurationList = B10A2A222861861E00C563DC /* Build configuration list for PBXProject "UnsplashImageApp" */;
			compatibilityVersion = "Xcode 13.0";
			developmentRegion = en;
			hasScannedForEncodings = 0;
			knownRegions = (
				en,
				Base,
				es,
			);
			mainGroup = B10A2A1E2861861E00C563DC;
			productRefGroup = B10A2A282861861E00C563DC /* Products */;
			projectDirPath = "";
			projectRoot = "";
			targets = (
				B10A2A262861861E00C563DC /* UnsplashImageApp */,
			);
		};
/* End PBXProject section */

/* Begin PBXResourcesBuildPhase section */
		B10A2A252861861E00C563DC /* Resources */ = {
			isa = PBXResourcesBuildPhase;
			buildActionMask = 2147483647;
			files = (
				B13398D5287E4CC6008741EB /* OnBoardingViewController.storyboard in Resources */,
				B13398D1287E1AA0008741EB /* Localizable.strings in Resources */,
				B10A2A372861861F00C563DC /* LaunchScreen.storyboard in Resources */,
				B10A2A342861861F00C563DC /* Assets.xcassets in Resources */,
				B10A2A322861861E00C563DC /* Main.storyboard in Resources */,
				B13398D8287E4CD5008741EB /* MainTabBarController.storyboard in Resources */,
			);
			runOnlyForDeploymentPostprocessing = 0;
		};
/* End PBXResourcesBuildPhase section */

/* Begin PBXShellScriptBuildPhase section */
		279B0B6F34E8CD4373E1D571 /* [CP] Check Pods Manifest.lock */ = {
			isa = PBXShellScriptBuildPhase;
			buildActionMask = 2147483647;
			files = (
			);
			inputFileListPaths = (
			);
			inputPaths = (
				"${PODS_PODFILE_DIR_PATH}/Podfile.lock",
				"${PODS_ROOT}/Manifest.lock",
			);
			name = "[CP] Check Pods Manifest.lock";
			outputFileListPaths = (
			);
			outputPaths = (
				"$(DERIVED_FILE_DIR)/Pods-UnsplashImageApp-checkManifestLockResult.txt",
			);
			runOnlyForDeploymentPostprocessing = 0;
			shellPath = /bin/sh;
			shellScript = "diff \"${PODS_PODFILE_DIR_PATH}/Podfile.lock\" \"${PODS_ROOT}/Manifest.lock\" > /dev/null\nif [ $? != 0 ] ; then\n    # print error to STDERR\n    echo \"error: The sandbox is not in sync with the Podfile.lock. Run 'pod install' or update your CocoaPods installation.\" >&2\n    exit 1\nfi\n# This output is used by Xcode 'outputs' to avoid re-running this script phase.\necho \"SUCCESS\" > \"${SCRIPT_OUTPUT_FILE_0}\"\n";
			showEnvVarsInLog = 0;
		};
		9E1E96795E47CCD7AADA78A6 /* [CP] Embed Pods Frameworks */ = {
			isa = PBXShellScriptBuildPhase;
			buildActionMask = 2147483647;
			files = (
			);
			inputFileListPaths = (
				"${PODS_ROOT}/Target Support Files/Pods-UnsplashImageApp/Pods-UnsplashImageApp-frameworks-${CONFIGURATION}-input-files.xcfilelist",
			);
			name = "[CP] Embed Pods Frameworks";
			outputFileListPaths = (
				"${PODS_ROOT}/Target Support Files/Pods-UnsplashImageApp/Pods-UnsplashImageApp-frameworks-${CONFIGURATION}-output-files.xcfilelist",
			);
			runOnlyForDeploymentPostprocessing = 0;
			shellPath = /bin/sh;
			shellScript = "\"${PODS_ROOT}/Target Support Files/Pods-UnsplashImageApp/Pods-UnsplashImageApp-frameworks.sh\"\n";
			showEnvVarsInLog = 0;
		};
/* End PBXShellScriptBuildPhase section */

/* Begin PBXSourcesBuildPhase section */
		B10A2A232861861E00C563DC /* Sources */ = {
			isa = PBXSourcesBuildPhase;
			buildActionMask = 2147483647;
			files = (
				B1A8D8CF286654C4004E3E5A /* UIView+Extension.swift in Sources */,
				B10A2A2F2861861E00C563DC /* ViewController.swift in Sources */,
				B1468CB328680C30009EF815 /* MainTabBarController.swift in Sources */,
				B113F55128775FF900338A4B /* UIViewController+Extension.swift in Sources */,
				B1F3BA12287395A4009AC1F1 /* FavouriteItemCollectionViewCell.swift in Sources */,
				B14A5A80286A183200887AD7 /* URLS.swift in Sources */,
				B1468CB928680DD8009EF815 /* PhotosViewController.swift in Sources */,
				B10A2A2B2861861E00C563DC /* AppDelegate.swift in Sources */,
				B13398C7287DFD1A008741EB /* String+Extension.swift in Sources */,
				B1A8D8D328666041004E3E5A /* OnBoardingCollectionViewCell.swift in Sources */,
				B14A5A7D286A178F00887AD7 /* Result.swift in Sources */,
				B1667D2D2875282F006C3597 /* ImageFavourite.swift in Sources */,
				B109EEA8286B8F7C005899FA /* NetworkDataFetcher.swift in Sources */,
				B10A2A2D2861861E00C563DC /* SceneDelegate.swift in Sources */,
				B14A5A7B286A173200887AD7 /* Response.swift in Sources */,
				B109EEA6286B875F005899FA /* NetworkService.swift in Sources */,
				B1A8D8CA28664DE9004E3E5A /* OnBoardingViewController.swift in Sources */,
				B1A8D8D1286659E2004E3E5A /* OnBoardingPage.swift in Sources */,
				B109EEA2286B80FB005899FA /* FavouriteViewController.swift in Sources */,
				B14A5A84286A365000887AD7 /* ItemCollectionViewCell.swift in Sources */,
			);
			runOnlyForDeploymentPostprocessing = 0;
		};
/* End PBXSourcesBuildPhase section */

/* Begin PBXVariantGroup section */
		B10A2A302861861E00C563DC /* Main.storyboard */ = {
			isa = PBXVariantGroup;
			children = (
				B10A2A312861861E00C563DC /* Base */,
				B13398DD287E4D0D008741EB /* es */,
			);
			name = Main.storyboard;
			sourceTree = "<group>";
		};
		B10A2A352861861F00C563DC /* LaunchScreen.storyboard */ = {
			isa = PBXVariantGroup;
			children = (
				B10A2A362861861F00C563DC /* Base */,
			);
			name = LaunchScreen.storyboard;
			sourceTree = "<group>";
		};
		B13398D3287E1AA0008741EB /* Localizable.strings */ = {
			isa = PBXVariantGroup;
			children = (
				B13398D2287E1AA0008741EB /* en */,
				B13398E0287E7574008741EB /* es */,
			);
			name = Localizable.strings;
			sourceTree = "<group>";
		};
		B13398D7287E4CC6008741EB /* OnBoardingViewController.storyboard */ = {
			isa = PBXVariantGroup;
			children = (
				B13398D6287E4CC6008741EB /* Base */,
				B13398DC287E4CEA008741EB /* en */,
				B13398DF287E60E7008741EB /* es */,
			);
			name = OnBoardingViewController.storyboard;
			sourceTree = "<group>";
		};
		B13398DA287E4CD5008741EB /* MainTabBarController.storyboard */ = {
			isa = PBXVariantGroup;
			children = (
				B13398D9287E4CD5008741EB /* Base */,
				B13398DE287E60E7008741EB /* es */,
			);
			name = MainTabBarController.storyboard;
			sourceTree = "<group>";
		};
/* End PBXVariantGroup section */

/* Begin XCBuildConfiguration section */
		B10A2A392861861F00C563DC /* Debug */ = {
			isa = XCBuildConfiguration;
			buildSettings = {
				ALWAYS_SEARCH_USER_PATHS = NO;
				CLANG_ANALYZER_LOCALIZABILITY_NONLOCALIZED = YES;
				CLANG_ANALYZER_NONNULL = YES;
				CLANG_ANALYZER_NUMBER_OBJECT_CONVERSION = YES_AGGRESSIVE;
				CLANG_CXX_LANGUAGE_STANDARD = "gnu++17";
				CLANG_ENABLE_MODULES = YES;
				CLANG_ENABLE_OBJC_ARC = YES;
				CLANG_ENABLE_OBJC_WEAK = YES;
				CLANG_WARN_BLOCK_CAPTURE_AUTORELEASING = YES;
				CLANG_WARN_BOOL_CONVERSION = YES;
				CLANG_WARN_COMMA = YES;
				CLANG_WARN_CONSTANT_CONVERSION = YES;
				CLANG_WARN_DEPRECATED_OBJC_IMPLEMENTATIONS = YES;
				CLANG_WARN_DIRECT_OBJC_ISA_USAGE = YES_ERROR;
				CLANG_WARN_DOCUMENTATION_COMMENTS = YES;
				CLANG_WARN_EMPTY_BODY = YES;
				CLANG_WARN_ENUM_CONVERSION = YES;
				CLANG_WARN_INFINITE_RECURSION = YES;
				CLANG_WARN_INT_CONVERSION = YES;
				CLANG_WARN_NON_LITERAL_NULL_CONVERSION = YES;
				CLANG_WARN_OBJC_IMPLICIT_RETAIN_SELF = YES;
				CLANG_WARN_OBJC_LITERAL_CONVERSION = YES;
				CLANG_WARN_OBJC_ROOT_CLASS = YES_ERROR;
				CLANG_WARN_QUOTED_INCLUDE_IN_FRAMEWORK_HEADER = YES;
				CLANG_WARN_RANGE_LOOP_ANALYSIS = YES;
				CLANG_WARN_STRICT_PROTOTYPES = YES;
				CLANG_WARN_SUSPICIOUS_MOVE = YES;
				CLANG_WARN_UNGUARDED_AVAILABILITY = YES_AGGRESSIVE;
				CLANG_WARN_UNREACHABLE_CODE = YES;
				CLANG_WARN__DUPLICATE_METHOD_MATCH = YES;
				COPY_PHASE_STRIP = NO;
				DEBUG_INFORMATION_FORMAT = dwarf;
				ENABLE_STRICT_OBJC_MSGSEND = YES;
				ENABLE_TESTABILITY = YES;
				GCC_C_LANGUAGE_STANDARD = gnu11;
				GCC_DYNAMIC_NO_PIC = NO;
				GCC_NO_COMMON_BLOCKS = YES;
				GCC_OPTIMIZATION_LEVEL = 0;
				GCC_PREPROCESSOR_DEFINITIONS = (
					"DEBUG=1",
					"$(inherited)",
				);
				GCC_WARN_64_TO_32_BIT_CONVERSION = YES;
				GCC_WARN_ABOUT_RETURN_TYPE = YES_ERROR;
				GCC_WARN_UNDECLARED_SELECTOR = YES;
				GCC_WARN_UNINITIALIZED_AUTOS = YES_AGGRESSIVE;
				GCC_WARN_UNUSED_FUNCTION = YES;
				GCC_WARN_UNUSED_VARIABLE = YES;
				IPHONEOS_DEPLOYMENT_TARGET = 15.5;
				MTL_ENABLE_DEBUG_INFO = INCLUDE_SOURCE;
				MTL_FAST_MATH = YES;
				ONLY_ACTIVE_ARCH = YES;
				SDKROOT = iphoneos;
				SWIFT_ACTIVE_COMPILATION_CONDITIONS = DEBUG;
				SWIFT_OPTIMIZATION_LEVEL = "-Onone";
			};
			name = Debug;
		};
		B10A2A3A2861861F00C563DC /* Release */ = {
			isa = XCBuildConfiguration;
			buildSettings = {
				ALWAYS_SEARCH_USER_PATHS = NO;
				CLANG_ANALYZER_LOCALIZABILITY_NONLOCALIZED = YES;
				CLANG_ANALYZER_NONNULL = YES;
				CLANG_ANALYZER_NUMBER_OBJECT_CONVERSION = YES_AGGRESSIVE;
				CLANG_CXX_LANGUAGE_STANDARD = "gnu++17";
				CLANG_ENABLE_MODULES = YES;
				CLANG_ENABLE_OBJC_ARC = YES;
				CLANG_ENABLE_OBJC_WEAK = YES;
				CLANG_WARN_BLOCK_CAPTURE_AUTORELEASING = YES;
				CLANG_WARN_BOOL_CONVERSION = YES;
				CLANG_WARN_COMMA = YES;
				CLANG_WARN_CONSTANT_CONVERSION = YES;
				CLANG_WARN_DEPRECATED_OBJC_IMPLEMENTATIONS = YES;
				CLANG_WARN_DIRECT_OBJC_ISA_USAGE = YES_ERROR;
				CLANG_WARN_DOCUMENTATION_COMMENTS = YES;
				CLANG_WARN_EMPTY_BODY = YES;
				CLANG_WARN_ENUM_CONVERSION = YES;
				CLANG_WARN_INFINITE_RECURSION = YES;
				CLANG_WARN_INT_CONVERSION = YES;
				CLANG_WARN_NON_LITERAL_NULL_CONVERSION = YES;
				CLANG_WARN_OBJC_IMPLICIT_RETAIN_SELF = YES;
				CLANG_WARN_OBJC_LITERAL_CONVERSION = YES;
				CLANG_WARN_OBJC_ROOT_CLASS = YES_ERROR;
				CLANG_WARN_QUOTED_INCLUDE_IN_FRAMEWORK_HEADER = YES;
				CLANG_WARN_RANGE_LOOP_ANALYSIS = YES;
				CLANG_WARN_STRICT_PROTOTYPES = YES;
				CLANG_WARN_SUSPICIOUS_MOVE = YES;
				CLANG_WARN_UNGUARDED_AVAILABILITY = YES_AGGRESSIVE;
				CLANG_WARN_UNREACHABLE_CODE = YES;
				CLANG_WARN__DUPLICATE_METHOD_MATCH = YES;
				COPY_PHASE_STRIP = NO;
				DEBUG_INFORMATION_FORMAT = "dwarf-with-dsym";
				ENABLE_NS_ASSERTIONS = NO;
				ENABLE_STRICT_OBJC_MSGSEND = YES;
				GCC_C_LANGUAGE_STANDARD = gnu11;
				GCC_NO_COMMON_BLOCKS = YES;
				GCC_WARN_64_TO_32_BIT_CONVERSION = YES;
				GCC_WARN_ABOUT_RETURN_TYPE = YES_ERROR;
				GCC_WARN_UNDECLARED_SELECTOR = YES;
				GCC_WARN_UNINITIALIZED_AUTOS = YES_AGGRESSIVE;
				GCC_WARN_UNUSED_FUNCTION = YES;
				GCC_WARN_UNUSED_VARIABLE = YES;
				IPHONEOS_DEPLOYMENT_TARGET = 15.5;
				MTL_ENABLE_DEBUG_INFO = NO;
				MTL_FAST_MATH = YES;
				SDKROOT = iphoneos;
				SWIFT_COMPILATION_MODE = wholemodule;
				SWIFT_OPTIMIZATION_LEVEL = "-O";
				VALIDATE_PRODUCT = YES;
			};
			name = Release;
		};
		B10A2A3C2861861F00C563DC /* Debug */ = {
			isa = XCBuildConfiguration;
			baseConfigurationReference = B6E3ABA2086EF69180319532 /* Pods-UnsplashImageApp.debug.xcconfig */;
			buildSettings = {
				ASSETCATALOG_COMPILER_APPICON_NAME = AppIcon;
				ASSETCATALOG_COMPILER_GLOBAL_ACCENT_COLOR_NAME = AccentColor;
				CODE_SIGN_STYLE = Automatic;
				CURRENT_PROJECT_VERSION = 1;
				DEVELOPMENT_TEAM = HXF8S9J8KJ;
				GENERATE_INFOPLIST_FILE = YES;
				INFOPLIST_FILE = UnsplashImageApp/Info.plist;
				INFOPLIST_KEY_UIApplicationSupportsIndirectInputEvents = YES;
				INFOPLIST_KEY_UILaunchStoryboardName = LaunchScreen;
				INFOPLIST_KEY_UIMainStoryboardFile = Main;
				INFOPLIST_KEY_UIStatusBarHidden = YES;
				INFOPLIST_KEY_UISupportedInterfaceOrientations = UIInterfaceOrientationPortrait;
				INFOPLIST_KEY_UISupportedInterfaceOrientations_iPad = "UIInterfaceOrientationPortrait UIInterfaceOrientationPortraitUpsideDown UIInterfaceOrientationLandscapeLeft UIInterfaceOrientationLandscapeRight";
				INFOPLIST_KEY_UISupportedInterfaceOrientations_iPhone = "UIInterfaceOrientationPortrait UIInterfaceOrientationLandscapeLeft UIInterfaceOrientationLandscapeRight";
				IPHONEOS_DEPLOYMENT_TARGET = 13.0;
				LD_RUNPATH_SEARCH_PATHS = (
					"$(inherited)",
					"@executable_path/Frameworks",
				);
				MARKETING_VERSION = 1.0;
				PRODUCT_BUNDLE_IDENTIFIER = com.manriquetavi.UnsplashImageApp;
				PRODUCT_NAME = "$(TARGET_NAME)";
				SWIFT_EMIT_LOC_STRINGS = YES;
				SWIFT_VERSION = 5.0;
				TARGETED_DEVICE_FAMILY = "1,2";
			};
			name = Debug;
		};
		B10A2A3D2861861F00C563DC /* Release */ = {
			isa = XCBuildConfiguration;
			baseConfigurationReference = 74F4870E1FBE98A1DAE01660 /* Pods-UnsplashImageApp.release.xcconfig */;
			buildSettings = {
				ASSETCATALOG_COMPILER_APPICON_NAME = AppIcon;
				ASSETCATALOG_COMPILER_GLOBAL_ACCENT_COLOR_NAME = AccentColor;
				CODE_SIGN_STYLE = Automatic;
				CURRENT_PROJECT_VERSION = 1;
				DEVELOPMENT_TEAM = HXF8S9J8KJ;
				GENERATE_INFOPLIST_FILE = YES;
				INFOPLIST_FILE = UnsplashImageApp/Info.plist;
				INFOPLIST_KEY_UIApplicationSupportsIndirectInputEvents = YES;
				INFOPLIST_KEY_UILaunchStoryboardName = LaunchScreen;
				INFOPLIST_KEY_UIMainStoryboardFile = Main;
				INFOPLIST_KEY_UIStatusBarHidden = YES;
				INFOPLIST_KEY_UISupportedInterfaceOrientations = UIInterfaceOrientationPortrait;
				INFOPLIST_KEY_UISupportedInterfaceOrientations_iPad = "UIInterfaceOrientationPortrait UIInterfaceOrientationPortraitUpsideDown UIInterfaceOrientationLandscapeLeft UIInterfaceOrientationLandscapeRight";
				INFOPLIST_KEY_UISupportedInterfaceOrientations_iPhone = "UIInterfaceOrientationPortrait UIInterfaceOrientationLandscapeLeft UIInterfaceOrientationLandscapeRight";
				IPHONEOS_DEPLOYMENT_TARGET = 13.0;
				LD_RUNPATH_SEARCH_PATHS = (
					"$(inherited)",
					"@executable_path/Frameworks",
				);
				MARKETING_VERSION = 1.0;
				PRODUCT_BUNDLE_IDENTIFIER = com.manriquetavi.UnsplashImageApp;
				PRODUCT_NAME = "$(TARGET_NAME)";
				SWIFT_EMIT_LOC_STRINGS = YES;
				SWIFT_VERSION = 5.0;
				TARGETED_DEVICE_FAMILY = "1,2";
			};
			name = Release;
		};
/* End XCBuildConfiguration section */

/* Begin XCConfigurationList section */
		B10A2A222861861E00C563DC /* Build configuration list for PBXProject "UnsplashImageApp" */ = {
			isa = XCConfigurationList;
			buildConfigurations = (
				B10A2A392861861F00C563DC /* Debug */,
				B10A2A3A2861861F00C563DC /* Release */,
			);
			defaultConfigurationIsVisible = 0;
			defaultConfigurationName = Release;
		};
		B10A2A3B2861861F00C563DC /* Build configuration list for PBXNativeTarget "UnsplashImageApp" */ = {
			isa = XCConfigurationList;
			buildConfigurations = (
				B10A2A3C2861861F00C563DC /* Debug */,
				B10A2A3D2861861F00C563DC /* Release */,
			);
			defaultConfigurationIsVisible = 0;
			defaultConfigurationName = Release;
		};
/* End XCConfigurationList section */
	};
	rootObject = B10A2A1F2861861E00C563DC /* Project object */;
}
